
Microsoft Visual Studio Solution File, Format Version 12.00
# Visual Studio Version 17
VisualStudioVersion = 17.0.31919.166
MinimumVisualStudioVersion = 10.0.40219.1
Project("{FAE04EC0-301F-11D3-BF4B-00C04F79EFBC}") = "StudentAdmissionManagement", "StudentAdmissionManagement\StudentAdmissionManagement.csproj", "{43A8D2F6-4BC4-459F-9CE1-ADCA6F9CCAC8}"
EndProject
Project("{FAE04EC0-301F-11D3-BF4B-00C04F79EFBC}") = "StudentAttendanceManagement", "StudentAttendanceManagement\StudentAttendanceManagement.csproj", "{167E2ED7-5FB6-416A-AC46-B78746630C8A}"
EndProject
Project("{FAE04EC0-301F-11D3-BF4B-00C04F79EFBC}") = "SchoolAPIGateway", "SchoolAPIGateway\SchoolAPIGateway.csproj", "{74CDC1AC-39E1-42B3-A294-638644EE37C9}"
EndProject
Global
	GlobalSection(SolutionConfigurationPlatforms) = preSolution
		Debug|Any CPU = Debug|Any CPU
		Release|Any CPU = Release|Any CPU
	EndGlobalSection
	GlobalSection(ProjectConfigurationPlatforms) = postSolution
		{43A8D2F6-4BC4-459F-9CE1-ADCA6F9CCAC8}.Debug|Any CPU.ActiveCfg = Debug|Any CPU
		{43A8D2F6-4BC4-459F-9CE1-ADCA6F9CCAC8}.Debug|Any CPU.Build.0 = Debug|Any CPU
		{43A8D2F6-4BC4-459F-9CE1-ADCA6F9CCAC8}.Release|Any CPU.ActiveCfg = Release|Any CPU
		{43A8D2F6-4BC4-459F-9CE1-ADCA6F9CCAC8}.Release|Any CPU.Build.0 = Release|Any CPU
		{167E2ED7-5FB6-416A-AC46-B78746630C8A}.Debug|Any CPU.ActiveCfg = Debug|Any CPU
		{167E2ED7-5FB6-416A-AC46-B78746630C8A}.Debug|Any CPU.Build.0 = Debug|Any CPU
		{167E2ED7-5FB6-416A-AC46-B78746630C8A}.Release|Any CPU.ActiveCfg = Release|Any CPU
		{167E2ED7-5FB6-416A-AC46-B78746630C8A}.Release|Any CPU.Build.0 = Release|Any CPU
		{74CDC1AC-39E1-42B3-A294-638644EE37C9}.Debug|Any CPU.ActiveCfg = Debug|Any CPU
		{74CDC1AC-39E1-42B3-A294-638644EE37C9}.Debug|Any CPU.Build.0 = Debug|Any CPU
		{74CDC1AC-39E1-42B3-A294-638644EE37C9}.Release|Any CPU.ActiveCfg = Release|Any CPU
		{74CDC1AC-39E1-42B3-A294-638644EE37C9}.Release|Any CPU.Build.0 = Release|Any CPU
	EndGlobalSection
	GlobalSection(SolutionProperties) = preSolution
		HideSolutionNode = FALSE
	EndGlobalSection
	GlobalSection(ExtensibilityGlobals) = postSolution
		SolutionGuid = {DC965451-01E3-4EB0-B199-5B28716BD655}
	EndGlobalSection
EndGlobal
